// !$*UTF8*$!
{
	archiveVersion = 1;
	classes = {
	};
	objectVersion = 55;
	objects = {

/* Begin PBXBuildFile section */
		185986D5279F505300BF5031 /* AnimeSearchApp.swift in Sources */ = {isa = PBXBuildFile; fileRef = 185986D4279F505300BF5031 /* AnimeSearchApp.swift */; };
		185986D7279F505300BF5031 /* ContentView.swift in Sources */ = {isa = PBXBuildFile; fileRef = 185986D6279F505300BF5031 /* ContentView.swift */; };
		185986D9279F505300BF5031 /* Assets.xcassets in Resources */ = {isa = PBXBuildFile; fileRef = 185986D8279F505300BF5031 /* Assets.xcassets */; };
		185986DC279F505300BF5031 /* Preview Assets.xcassets in Resources */ = {isa = PBXBuildFile; fileRef = 185986DB279F505300BF5031 /* Preview Assets.xcassets */; };
		185986E6279F505300BF5031 /* AnimeSearchTests.swift in Sources */ = {isa = PBXBuildFile; fileRef = 185986E5279F505300BF5031 /* AnimeSearchTests.swift */; };
		185986F0279F505300BF5031 /* AnimeSearchUITests.swift in Sources */ = {isa = PBXBuildFile; fileRef = 185986EF279F505300BF5031 /* AnimeSearchUITests.swift */; };
		185986F2279F505300BF5031 /* AnimeSearchUITestsLaunchTests.swift in Sources */ = {isa = PBXBuildFile; fileRef = 185986F1279F505300BF5031 /* AnimeSearchUITestsLaunchTests.swift */; };
/* End PBXBuildFile section */

/* Begin PBXContainerItemProxy section */
		185986E2279F505300BF5031 /* PBXContainerItemProxy */ = {
			isa = PBXContainerItemProxy;
			containerPortal = 185986C9279F505300BF5031 /* Project object */;
			proxyType = 1;
			remoteGlobalIDString = 185986D0279F505300BF5031;
			remoteInfo = AnimeSearch;
		};
		185986EC279F505300BF5031 /* PBXContainerItemProxy */ = {
			isa = PBXContainerItemProxy;
			containerPortal = 185986C9279F505300BF5031 /* Project object */;
			proxyType = 1;
			remoteGlobalIDString = 185986D0279F505300BF5031;
			remoteInfo = AnimeSearch;
		};
/* End PBXContainerItemProxy section */

/* Begin PBXFileReference section */
		185986D1279F505300BF5031 /* AnimeSearch.app */ = {isa = PBXFileReference; explicitFileType = wrapper.application; includeInIndex = 0; path = AnimeSearch.app; sourceTree = BUILT_PRODUCTS_DIR; };
		185986D4279F505300BF5031 /* AnimeSearchApp.swift */ = {isa = PBXFileReference; lastKnownFileType = sourcecode.swift; path = AnimeSearchApp.swift; sourceTree = "<group>"; };
		185986D6279F505300BF5031 /* ContentView.swift */ = {isa = PBXFileReference; lastKnownFileType = sourcecode.swift; path = ContentView.swift; sourceTree = "<group>"; };
		185986D8279F505300BF5031 /* Assets.xcassets */ = {isa = PBXFileReference; lastKnownFileType = folder.assetcatalog; path = Assets.xcassets; sourceTree = "<group>"; };
		185986DB279F505300BF5031 /* Preview Assets.xcassets */ = {isa = PBXFileReference; lastKnownFileType = folder.assetcatalog; path = "Preview Assets.xcassets"; sourceTree = "<group>"; };
		185986E1279F505300BF5031 /* AnimeSearchTests.xctest */ = {isa = PBXFileReference; explicitFileType = wrapper.cfbundle; includeInIndex = 0; path = AnimeSearchTests.xctest; sourceTree = BUILT_PRODUCTS_DIR; };
		185986E5279F505300BF5031 /* AnimeSearchTests.swift */ = {isa = PBXFileReference; lastKnownFileType = sourcecode.swift; path = AnimeSearchTests.swift; sourceTree = "<group>"; };
		185986EB279F505300BF5031 /* AnimeSearchUITests.xctest */ = {isa = PBXFileReference; explicitFileType = wrapper.cfbundle; includeInIndex = 0; path = AnimeSearchUITests.xctest; sourceTree = BUILT_PRODUCTS_DIR; };
		185986EF279F505300BF5031 /* AnimeSearchUITests.swift */ = {isa = PBXFileReference; lastKnownFileType = sourcecode.swift; path = AnimeSearchUITests.swift; sourceTree = "<group>"; };
		185986F1279F505300BF5031 /* AnimeSearchUITestsLaunchTests.swift */ = {isa = PBXFileReference; lastKnownFileType = sourcecode.swift; path = AnimeSearchUITestsLaunchTests.swift; sourceTree = "<group>"; };
/* End PBXFileReference section */

/* Begin PBXFrameworksBuildPhase section */
		185986CE279F505300BF5031 /* Frameworks */ = {
			isa = PBXFrameworksBuildPhase;
			buildActionMask = 2147483647;
			files = (
			);
			runOnlyForDeploymentPostprocessing = 0;
		};
		185986DE279F505300BF5031 /* Frameworks */ = {
			isa = PBXFrameworksBuildPhase;
			buildActionMask = 2147483647;
			files = (
			);
			runOnlyForDeploymentPostprocessing = 0;
		};
		185986E8279F505300BF5031 /* Frameworks */ = {
			isa = PBXFrameworksBuildPhase;
			buildActionMask = 2147483647;
			files = (
			);
			runOnlyForDeploymentPostprocessing = 0;
		};
/* End PBXFrameworksBuildPhase section */

/* Begin PBXGroup section */
		185986C8279F505300BF5031 = {
			isa = PBXGroup;
			children = (
				185986D3279F505300BF5031 /* AnimeSearch */,
				185986E4279F505300BF5031 /* AnimeSearchTests */,
				185986EE279F505300BF5031 /* AnimeSearchUITests */,
				185986D2279F505300BF5031 /* Products */,
			);
			sourceTree = "<group>";
		};
		185986D2279F505300BF5031 /* Products */ = {
			isa = PBXGroup;
			children = (
				185986D1279F505300BF5031 /* AnimeSearch.app */,
				185986E1279F505300BF5031 /* AnimeSearchTests.xctest */,
				185986EB279F505300BF5031 /* AnimeSearchUITests.xctest */,
			);
			name = Products;
			sourceTree = "<group>";
		};
		185986D3279F505300BF5031 /* AnimeSearch */ = {
			isa = PBXGroup;
			children = (
				185986D4279F505300BF5031 /* AnimeSearchApp.swift */,
				185986D6279F505300BF5031 /* ContentView.swift */,
				185986D8279F505300BF5031 /* Assets.xcassets */,
				185986DA279F505300BF5031 /* Preview Content */,
			);
			path = AnimeSearch;
			sourceTree = "<group>";
		};
		185986DA279F505300BF5031 /* Preview Content */ = {
			isa = PBXGroup;
			children = (
				185986DB279F505300BF5031 /* Preview Assets.xcassets */,
			);
			path = "Preview Content";
			sourceTree = "<group>";
		};
		185986E4279F505300BF5031 /* AnimeSearchTests */ = {
			isa = PBXGroup;
			children = (
				185986E5279F505300BF5031 /* AnimeSearchTests.swift */,
			);
			path = AnimeSearchTests;
			sourceTree = "<group>";
		};
		185986EE279F505300BF5031 /* AnimeSearchUITests */ = {
			isa = PBXGroup;
			children = (
				185986EF279F505300BF5031 /* AnimeSearchUITests.swift */,
				185986F1279F505300BF5031 /* AnimeSearchUITestsLaunchTests.swift */,
			);
			path = AnimeSearchUITests;
			sourceTree = "<group>";
		};
/* End PBXGroup section */

/* Begin PBXNativeTarget section */
		185986D0279F505300BF5031 /* AnimeSearch */ = {
			isa = PBXNativeTarget;
			buildConfigurationList = 185986F5279F505300BF5031 /* Build configuration list for PBXNativeTarget "AnimeSearch" */;
			buildPhases = (
				185986CD279F505300BF5031 /* Sources */,
				185986CE279F505300BF5031 /* Frameworks */,
				185986CF279F505300BF5031 /* Resources */,
			);
			buildRules = (
			);
			dependencies = (
			);
			name = AnimeSearch;
			productName = AnimeSearch;
			productReference = 185986D1279F505300BF5031 /* AnimeSearch.app */;
			productType = "com.apple.product-type.application";
		};
		185986E0279F505300BF5031 /* AnimeSearchTests */ = {
			isa = PBXNativeTarget;
			buildConfigurationList = 185986F8279F505300BF5031 /* Build configuration list for PBXNativeTarget "AnimeSearchTests" */;
			buildPhases = (
				185986DD279F505300BF5031 /* Sources */,
				185986DE279F505300BF5031 /* Frameworks */,
				185986DF279F505300BF5031 /* Resources */,
			);
			buildRules = (
			);
			dependencies = (
				185986E3279F505300BF5031 /* PBXTargetDependency */,
			);
			name = AnimeSearchTests;
			productName = AnimeSearchTests;
			productReference = 185986E1279F505300BF5031 /* AnimeSearchTests.xctest */;
			productType = "com.apple.product-type.bundle.unit-test";
		};
		185986EA279F505300BF5031 /* AnimeSearchUITests */ = {
			isa = PBXNativeTarget;
			buildConfigurationList = 185986FB279F505300BF5031 /* Build configuration list for PBXNativeTarget "AnimeSearchUITests" */;
			buildPhases = (
				185986E7279F505300BF5031 /* Sources */,
				185986E8279F505300BF5031 /* Frameworks */,
				185986E9279F505300BF5031 /* Resources */,
			);
			buildRules = (
			);
			dependencies = (
				185986ED279F505300BF5031 /* PBXTargetDependency */,
			);
			name = AnimeSearchUITests;
			productName = AnimeSearchUITests;
			productReference = 185986EB279F505300BF5031 /* AnimeSearchUITests.xctest */;
			productType = "com.apple.product-type.bundle.ui-testing";
		};
/* End PBXNativeTarget section */

/* Begin PBXProject section */
		185986C9279F505300BF5031 /* Project object */ = {
			isa = PBXProject;
			attributes = {
				BuildIndependentTargetsInParallel = 1;
				LastSwiftUpdateCheck = 1320;
				LastUpgradeCheck = 1320;
				TargetAttributes = {
					185986D0279F505300BF5031 = {
						CreatedOnToolsVersion = 13.2;
					};
					185986E0279F505300BF5031 = {
						CreatedOnToolsVersion = 13.2;
						TestTargetID = 185986D0279F505300BF5031;
					};
					185986EA279F505300BF5031 = {
						CreatedOnToolsVersion = 13.2;
						TestTargetID = 185986D0279F505300BF5031;
					};
				};
			};
			buildConfigurationList = 185986CC279F505300BF5031 /* Build configuration list for PBXProject "AnimeSearch" */;
			compatibilityVersion = "Xcode 13.0";
			developmentRegion = en;
			hasScannedForEncodings = 0;
			knownRegions = (
				en,
				Base,
			);
			mainGroup = 185986C8279F505300BF5031;
			productRefGroup = 185986D2279F505300BF5031 /* Products */;
			projectDirPath = "";
			projectRoot = "";
			targets = (
				185986D0279F505300BF5031 /* AnimeSearch */,
				185986E0279F505300BF5031 /* AnimeSearchTests */,
				185986EA279F505300BF5031 /* AnimeSearchUITests */,
			);
		};
/* End PBXProject section */

/* Begin PBXResourcesBuildPhase section */
		185986CF279F505300BF5031 /* Resources */ = {
			isa = PBXResourcesBuildPhase;
			buildActionMask = 2147483647;
			files = (
				185986DC279F505300BF5031 /* Preview Assets.xcassets in Resources */,
				185986D9279F505300BF5031 /* Assets.xcassets in Resources */,
			);
			runOnlyForDeploymentPostprocessing = 0;
		};
		185986DF279F505300BF5031 /* Resources */ = {
			isa = PBXResourcesBuildPhase;
			buildActionMask = 2147483647;
			files = (
			);
			runOnlyForDeploymentPostprocessing = 0;
		};
		185986E9279F505300BF5031 /* Resources */ = {
			isa = PBXResourcesBuildPhase;
			buildActionMask = 2147483647;
			files = (
			);
			runOnlyForDeploymentPostprocessing = 0;
		};
/* End PBXResourcesBuildPhase section */

/* Begin PBXSourcesBuildPhase section */
		185986CD279F505300BF5031 /* Sources */ = {
			isa = PBXSourcesBuildPhase;
			buildActionMask = 2147483647;
			files = (
				185986D7279F505300BF5031 /* ContentView.swift in Sources */,
				185986D5279F505300BF5031 /* AnimeSearchApp.swift in Sources */,
			);
			runOnlyForDeploymentPostprocessing = 0;
		};
		185986DD279F505300BF5031 /* Sources */ = {
			isa = PBXSourcesBuildPhase;
			buildActionMask = 2147483647;
			files = (
				185986E6279F505300BF5031 /* AnimeSearchTests.swift in Sources */,
			);
			runOnlyForDeploymentPostprocessing = 0;
		};
		185986E7279F505300BF5031 /* Sources */ = {
			isa = PBXSourcesBuildPhase;
			buildActionMask = 2147483647;
			files = (
				185986F0279F505300BF5031 /* AnimeSearchUITests.swift in Sources */,
				185986F2279F505300BF5031 /* AnimeSearchUITestsLaunchTests.swift in Sources */,
			);
			runOnlyForDeploymentPostprocessing = 0;
		};
/* End PBXSourcesBuildPhase section */

/* Begin PBXTargetDependency section */
		185986E3279F505300BF5031 /* PBXTargetDependency */ = {
			isa = PBXTargetDependency;
			target = 185986D0279F505300BF5031 /* AnimeSearch */;
			targetProxy = 185986E2279F505300BF5031 /* PBXContainerItemProxy */;
		};
		185986ED279F505300BF5031 /* PBXTargetDependency */ = {
			isa = PBXTargetDependency;
			target = 185986D0279F505300BF5031 /* AnimeSearch */;
			targetProxy = 185986EC279F505300BF5031 /* PBXContainerItemProxy */;
		};
/* End PBXTargetDependency section */

/* Begin XCBuildConfiguration section */
		185986F3279F505300BF5031 /* Debug */ = {
			isa = XCBuildConfiguration;
			buildSettings = {
				ALWAYS_SEARCH_USER_PATHS = NO;
				CLANG_ANALYZER_NONNULL = YES;
				CLANG_ANALYZER_NUMBER_OBJECT_CONVERSION = YES_AGGRESSIVE;
				CLANG_CXX_LANGUAGE_STANDARD = "gnu++17";
				CLANG_CXX_LIBRARY = "libc++";
				CLANG_ENABLE_MODULES = YES;
				CLANG_ENABLE_OBJC_ARC = YES;
				CLANG_ENABLE_OBJC_WEAK = YES;
				CLANG_WARN_BLOCK_CAPTURE_AUTORELEASING = YES;
				CLANG_WARN_BOOL_CONVERSION = YES;
				CLANG_WARN_COMMA = YES;
				CLANG_WARN_CONSTANT_CONVERSION = YES;
				CLANG_WARN_DEPRECATED_OBJC_IMPLEMENTATIONS = YES;
				CLANG_WARN_DIRECT_OBJC_ISA_USAGE = YES_ERROR;
				CLANG_WARN_DOCUMENTATION_COMMENTS = YES;
				CLANG_WARN_EMPTY_BODY = YES;
				CLANG_WARN_ENUM_CONVERSION = YES;
				CLANG_WARN_INFINITE_RECURSION = YES;
				CLANG_WARN_INT_CONVERSION = YES;
				CLANG_WARN_NON_LITERAL_NULL_CONVERSION = YES;
				CLANG_WARN_OBJC_IMPLICIT_RETAIN_SELF = YES;
				CLANG_WARN_OBJC_LITERAL_CONVERSION = YES;
				CLANG_WARN_OBJC_ROOT_CLASS = YES_ERROR;
				CLANG_WARN_QUOTED_INCLUDE_IN_FRAMEWORK_HEADER = YES;
				CLANG_WARN_RANGE_LOOP_ANALYSIS = YES;
				CLANG_WARN_STRICT_PROTOTYPES = YES;
				CLANG_WARN_SUSPICIOUS_MOVE = YES;
				CLANG_WARN_UNGUARDED_AVAILABILITY = YES_AGGRESSIVE;
				CLANG_WARN_UNREACHABLE_CODE = YES;
				CLANG_WARN__DUPLICATE_METHOD_MATCH = YES;
				COPY_PHASE_STRIP = NO;
				DEBUG_INFORMATION_FORMAT = dwarf;
				ENABLE_STRICT_OBJC_MSGSEND = YES;
				ENABLE_TESTABILITY = YES;
				GCC_C_LANGUAGE_STANDARD = gnu11;
				GCC_DYNAMIC_NO_PIC = NO;
				GCC_NO_COMMON_BLOCKS = YES;
				GCC_OPTIMIZATION_LEVEL = 0;
				GCC_PREPROCESSOR_DEFINITIONS = (
					"DEBUG=1",
					"$(inherited)",
				);
				GCC_WARN_64_TO_32_BIT_CONVERSION = YES;
				GCC_WARN_ABOUT_RETURN_TYPE = YES_ERROR;
				GCC_WARN_UNDECLARED_SELECTOR = YES;
				GCC_WARN_UNINITIALIZED_AUTOS = YES_AGGRESSIVE;
				GCC_WARN_UNUSED_FUNCTION = YES;
				GCC_WARN_UNUSED_VARIABLE = YES;
				IPHONEOS_DEPLOYMENT_TARGET = 15.2;
				MTL_ENABLE_DEBUG_INFO = INCLUDE_SOURCE;
				MTL_FAST_MATH = YES;
				ONLY_ACTIVE_ARCH = YES;
				SDKROOT = iphoneos;
				SWIFT_ACTIVE_COMPILATION_CONDITIONS = DEBUG;
				SWIFT_OPTIMIZATION_LEVEL = "-Onone";
			};
			name = Debug;
		};
		185986F4279F505300BF5031 /* Release */ = {
			isa = XCBuildConfiguration;
			buildSettings = {
				ALWAYS_SEARCH_USER_PATHS = NO;
				CLANG_ANALYZER_NONNULL = YES;
				CLANG_ANALYZER_NUMBER_OBJECT_CONVERSION = YES_AGGRESSIVE;
				CLANG_CXX_LANGUAGE_STANDARD = "gnu++17";
				CLANG_CXX_LIBRARY = "libc++";
				CLANG_ENABLE_MODULES = YES;
				CLANG_ENABLE_OBJC_ARC = YES;
				CLANG_ENABLE_OBJC_WEAK = YES;
				CLANG_WARN_BLOCK_CAPTURE_AUTORELEASING = YES;
				CLANG_WARN_BOOL_CONVERSION = YES;
				CLANG_WARN_COMMA = YES;
				CLANG_WARN_CONSTANT_CONVERSION = YES;
				CLANG_WARN_DEPRECATED_OBJC_IMPLEMENTATIONS = YES;
				CLANG_WARN_DIRECT_OBJC_ISA_USAGE = YES_ERROR;
				CLANG_WARN_DOCUMENTATION_COMMENTS = YES;
				CLANG_WARN_EMPTY_BODY = YES;
				CLANG_WARN_ENUM_CONVERSION = YES;
				CLANG_WARN_INFINITE_RECURSION = YES;
				CLANG_WARN_INT_CONVERSION = YES;
				CLANG_WARN_NON_LITERAL_NULL_CONVERSION = YES;
				CLANG_WARN_OBJC_IMPLICIT_RETAIN_SELF = YES;
				CLANG_WARN_OBJC_LITERAL_CONVERSION = YES;
				CLANG_WARN_OBJC_ROOT_CLASS = YES_ERROR;
				CLANG_WARN_QUOTED_INCLUDE_IN_FRAMEWORK_HEADER = YES;
				CLANG_WARN_RANGE_LOOP_ANALYSIS = YES;
				CLANG_WARN_STRICT_PROTOTYPES = YES;
				CLANG_WARN_SUSPICIOUS_MOVE = YES;
				CLANG_WARN_UNGUARDED_AVAILABILITY = YES_AGGRESSIVE;
				CLANG_WARN_UNREACHABLE_CODE = YES;
				CLANG_WARN__DUPLICATE_METHOD_MATCH = YES;
				COPY_PHASE_STRIP = NO;
				DEBUG_INFORMATION_FORMAT = "dwarf-with-dsym";
				ENABLE_NS_ASSERTIONS = NO;
				ENABLE_STRICT_OBJC_MSGSEND = YES;
				GCC_C_LANGUAGE_STANDARD = gnu11;
				GCC_NO_COMMON_BLOCKS = YES;
				GCC_WARN_64_TO_32_BIT_CONVERSION = YES;
				GCC_WARN_ABOUT_RETURN_TYPE = YES_ERROR;
				GCC_WARN_UNDECLARED_SELECTOR = YES;
				GCC_WARN_UNINITIALIZED_AUTOS = YES_AGGRESSIVE;
				GCC_WARN_UNUSED_FUNCTION = YES;
				GCC_WARN_UNUSED_VARIABLE = YES;
				IPHONEOS_DEPLOYMENT_TARGET = 15.2;
				MTL_ENABLE_DEBUG_INFO = NO;
				MTL_FAST_MATH = YES;
				SDKROOT = iphoneos;
				SWIFT_COMPILATION_MODE = wholemodule;
				SWIFT_OPTIMIZATION_LEVEL = "-O";
				VALIDATE_PRODUCT = YES;
			};
			name = Release;
		};
		185986F6279F505300BF5031 /* Debug */ = {
			isa = XCBuildConfiguration;
			buildSettings = {
				ASSETCATALOG_COMPILER_APPICON_NAME = AppIcon;
				ASSETCATALOG_COMPILER_GLOBAL_ACCENT_COLOR_NAME = AccentColor;
				CODE_SIGN_STYLE = Automatic;
				CURRENT_PROJECT_VERSION = 1;
				DEVELOPMENT_ASSET_PATHS = "\"AnimeSearch/Preview Content\"";
				DEVELOPMENT_TEAM = L4CX4QKSV5;
				ENABLE_PREVIEWS = YES;
				GENERATE_INFOPLIST_FILE = YES;
				INFOPLIST_KEY_UIApplicationSceneManifest_Generation = YES;
				INFOPLIST_KEY_UIApplicationSupportsIndirectInputEvents = YES;
				INFOPLIST_KEY_UILaunchScreen_Generation = YES;
				INFOPLIST_KEY_UISupportedInterfaceOrientations_iPad = "UIInterfaceOrientationPortrait UIInterfaceOrientationPortraitUpsideDown UIInterfaceOrientationLandscapeLeft UIInterfaceOrientationLandscapeRight";
				INFOPLIST_KEY_UISupportedInterfaceOrientations_iPhone = "UIInterfaceOrientationPortrait UIInterfaceOrientationLandscapeLeft UIInterfaceOrientationLandscapeRight";
				LD_RUNPATH_SEARCH_PATHS = (
					"$(inherited)",
					"@executable_path/Frameworks",
				);
				MARKETING_VERSION = 1.0;
				PRODUCT_BUNDLE_IDENTIFIER = com.esquilli.AnimeSearch;
				PRODUCT_NAME = "$(TARGET_NAME)";
				SWIFT_EMIT_LOC_STRINGS = YES;
				SWIFT_VERSION = 5.0;
				TARGETED_DEVICE_FAMILY = "1,2";
			};
			name = Debug;
		};
		185986F7279F505300BF5031 /* Release */ = {
			isa = XCBuildConfiguration;
			buildSettings = {
				ASSETCATALOG_COMPILER_APPICON_NAME = AppIcon;
				ASSETCATALOG_COMPILER_GLOBAL_ACCENT_COLOR_NAME = AccentColor;
				CODE_SIGN_STYLE = Automatic;
				CURRENT_PROJECT_VERSION = 1;
				DEVELOPMENT_ASSET_PATHS = "\"AnimeSearch/Preview Content\"";
				DEVELOPMENT_TEAM = L4CX4QKSV5;
				ENABLE_PREVIEWS = YES;
				GENERATE_INFOPLIST_FILE = YES;
				INFOPLIST_KEY_UIApplicationSceneManifest_Generation = YES;
				INFOPLIST_KEY_UIApplicationSupportsIndirectInputEvents = YES;
				INFOPLIST_KEY_UILaunchScreen_Generation = YES;
				INFOPLIST_KEY_UISupportedInterfaceOrientations_iPad = "UIInterfaceOrientationPortrait UIInterfaceOrientationPortraitUpsideDown UIInterfaceOrientationLandscapeLeft UIInterfaceOrientationLandscapeRight";
				INFOPLIST_KEY_UISupportedInterfaceOrientations_iPhone = "UIInterfaceOrientationPortrait UIInterfaceOrientationLandscapeLeft UIInterfaceOrientationLandscapeRight";
				LD_RUNPATH_SEARCH_PATHS = (
					"$(inherited)",
					"@executable_path/Frameworks",
				);
				MARKETING_VERSION = 1.0;
				PRODUCT_BUNDLE_IDENTIFIER = com.esquilli.AnimeSearch;
				PRODUCT_NAME = "$(TARGET_NAME)";
				SWIFT_EMIT_LOC_STRINGS = YES;
				SWIFT_VERSION = 5.0;
				TARGETED_DEVICE_FAMILY = "1,2";
			};
			name = Release;
		};
		185986F9279F505300BF5031 /* Debug */ = {
			isa = XCBuildConfiguration;
			buildSettings = {
				ALWAYS_EMBED_SWIFT_STANDARD_LIBRARIES = YES;
				BUNDLE_LOADER = "$(TEST_HOST)";
				CODE_SIGN_STYLE = Automatic;
				CURRENT_PROJECT_VERSION = 1;
				DEVELOPMENT_TEAM = L4CX4QKSV5;
				GENERATE_INFOPLIST_FILE = YES;
				IPHONEOS_DEPLOYMENT_TARGET = 15.2;
				MARKETING_VERSION = 1.0;
				PRODUCT_BUNDLE_IDENTIFIER = com.esquilli.AnimeSearchTests;
				PRODUCT_NAME = "$(TARGET_NAME)";
				SWIFT_EMIT_LOC_STRINGS = NO;
				SWIFT_VERSION = 5.0;
				TARGETED_DEVICE_FAMILY = "1,2";
				TEST_HOST = "$(BUILT_PRODUCTS_DIR)/AnimeSearch.app/AnimeSearch";
			};
			name = Debug;
		};
		185986FA279F505300BF5031 /* Release */ = {
			isa = XCBuildConfiguration;
			buildSettings = {
				ALWAYS_EMBED_SWIFT_STANDARD_LIBRARIES = YES;
				BUNDLE_LOADER = "$(TEST_HOST)";
				CODE_SIGN_STYLE = Automatic;
				CURRENT_PROJECT_VERSION = 1;
				DEVELOPMENT_TEAM = L4CX4QKSV5;
				GENERATE_INFOPLIST_FILE = YES;
				IPHONEOS_DEPLOYMENT_TARGET = 15.2;
				MARKETING_VERSION = 1.0;
				PRODUCT_BUNDLE_IDENTIFIER = com.esquilli.AnimeSearchTests;
				PRODUCT_NAME = "$(TARGET_NAME)";
				SWIFT_EMIT_LOC_STRINGS = NO;
				SWIFT_VERSION = 5.0;
				TARGETED_DEVICE_FAMILY = "1,2";
				TEST_HOST = "$(BUILT_PRODUCTS_DIR)/AnimeSearch.app/AnimeSearch";
			};
			name = Release;
		};
		185986FC279F505300BF5031 /* Debug */ = {
			isa = XCBuildConfiguration;
			buildSettings = {
				ALWAYS_EMBED_SWIFT_STANDARD_LIBRARIES = YES;
				CODE_SIGN_STYLE = Automatic;
				CURRENT_PROJECT_VERSION = 1;
				DEVELOPMENT_TEAM = L4CX4QKSV5;
				GENERATE_INFOPLIST_FILE = YES;
				MARKETING_VERSION = 1.0;
				PRODUCT_BUNDLE_IDENTIFIER = com.esquilli.AnimeSearchUITests;
				PRODUCT_NAME = "$(TARGET_NAME)";
				SWIFT_EMIT_LOC_STRINGS = NO;
				SWIFT_VERSION = 5.0;
				TARGETED_DEVICE_FAMILY = "1,2";
				TEST_TARGET_NAME = AnimeSearch;
			};
			name = Debug;
		};
		185986FD279F505300BF5031 /* Release */ = {
			isa = XCBuildConfiguration;
			buildSettings = {
				ALWAYS_EMBED_SWIFT_STANDARD_LIBRARIES = YES;
				CODE_SIGN_STYLE = Automatic;
				CURRENT_PROJECT_VERSION = 1;
				DEVELOPMENT_TEAM = L4CX4QKSV5;
				GENERATE_INFOPLIST_FILE = YES;
				MARKETING_VERSION = 1.0;
				PRODUCT_BUNDLE_IDENTIFIER = com.esquilli.AnimeSearchUITests;
				PRODUCT_NAME = "$(TARGET_NAME)";
				SWIFT_EMIT_LOC_STRINGS = NO;
				SWIFT_VERSION = 5.0;
				TARGETED_DEVICE_FAMILY = "1,2";
				TEST_TARGET_NAME = AnimeSearch;
			};
			name = Release;
		};
/* End XCBuildConfiguration section */

/* Begin XCConfigurationList section */
		185986CC279F505300BF5031 /* Build configuration list for PBXProject "AnimeSearch" */ = {
			isa = XCConfigurationList;
			buildConfigurations = (
				185986F3279F505300BF5031 /* Debug */,
				185986F4279F505300BF5031 /* Release */,
			);
			defaultConfigurationIsVisible = 0;
			defaultConfigurationName = Release;
		};
		185986F5279F505300BF5031 /* Build configuration list for PBXNativeTarget "AnimeSearch" */ = {
			isa = XCConfigurationList;
			buildConfigurations = (
				185986F6279F505300BF5031 /* Debug */,
				185986F7279F505300BF5031 /* Release */,
			);
			defaultConfigurationIsVisible = 0;
			defaultConfigurationName = Release;
		};
		185986F8279F505300BF5031 /* Build configuration list for PBXNativeTarget "AnimeSearchTests" */ = {
			isa = XCConfigurationList;
			buildConfigurations = (
				185986F9279F505300BF5031 /* Debug */,
				185986FA279F505300BF5031 /* Release */,
			);
			defaultConfigurationIsVisible = 0;
			defaultConfigurationName = Release;
		};
		185986FB279F505300BF5031 /* Build configuration list for PBXNativeTarget "AnimeSearchUITests" */ = {
			isa = XCConfigurationList;
			buildConfigurations = (
				185986FC279F505300BF5031 /* Debug */,
				185986FD279F505300BF5031 /* Release */,
			);
			defaultConfigurationIsVisible = 0;
			defaultConfigurationName = Release;
		};
/* End XCConfigurationList section */
	};
	rootObject = 185986C9279F505300BF5031 /* Project object */;
}
